
Microsoft Visual Studio Solution File, Format Version 12.00
# Visual Studio 2013
VisualStudioVersion = 12.0.40629.0
MinimumVisualStudioVersion = 10.0.40219.1
Project("{FAE04EC0-301F-11D3-BF4B-00C04F79EFBC}") = "SQLhelper", "SQLhelper\SQLhelper.csproj", "{A8CF58E5-C516-4460-BC26-91F2ACC22F5D}"
EndProject
Project("{FAE04EC0-301F-11D3-BF4B-00C04F79EFBC}") = "ORMsample", "ORMsample\ORMsample.csproj", "{AA367DBE-1FEA-4D1F-B01A-ECD5AB981E87}"
EndProject
Project("{FAE04EC0-301F-11D3-BF4B-00C04F79EFBC}") = "ThreadTest", "ThreadTest\ThreadTest.csproj", "{D1CF62B7-8A40-4FC8-8BB6-C2EBE812757A}"
EndProject
Project("{FAE04EC0-301F-11D3-BF4B-00C04F79EFBC}") = "DepartMent", "DepartMent\DepartMent.csproj", "{49E34893-E1FB-4098-9913-276F1AD96F71}"
EndProject
Project("{FAE04EC0-301F-11D3-BF4B-00C04F79EFBC}") = "KIM.SocketServer", "KIM.SocketServer\KIM.SocketServer.csproj", "{D1160D10-5882-4524-85A8-9D6EA5B7A4B5}"
EndProject
Project("{FAE04EC0-301F-11D3-BF4B-00C04F79EFBC}") = "KIM.SocketClient", "KIM.SocketClient\KIM.SocketClient.csproj", "{CE4D4570-31FB-42A8-87CC-8DA5B02973F7}"
EndProject
Global
	GlobalSection(SolutionConfigurationPlatforms) = preSolution
		Debug|Any CPU = Debug|Any CPU
		Release|Any CPU = Release|Any CPU
	EndGlobalSection
	GlobalSection(ProjectConfigurationPlatforms) = postSolution
		{A8CF58E5-C516-4460-BC26-91F2ACC22F5D}.Debug|Any CPU.ActiveCfg = Debug|Any CPU
		{A8CF58E5-C516-4460-BC26-91F2ACC22F5D}.Debug|Any CPU.Build.0 = Debug|Any CPU
		{A8CF58E5-C516-4460-BC26-91F2ACC22F5D}.Release|Any CPU.ActiveCfg = Release|Any CPU
		{A8CF58E5-C516-4460-BC26-91F2ACC22F5D}.Release|Any CPU.Build.0 = Release|Any CPU
		{AA367DBE-1FEA-4D1F-B01A-ECD5AB981E87}.Debug|Any CPU.ActiveCfg = Debug|Any CPU
		{AA367DBE-1FEA-4D1F-B01A-ECD5AB981E87}.Debug|Any CPU.Build.0 = Debug|Any CPU
		{AA367DBE-1FEA-4D1F-B01A-ECD5AB981E87}.Release|Any CPU.ActiveCfg = Release|Any CPU
		{AA367DBE-1FEA-4D1F-B01A-ECD5AB981E87}.Release|Any CPU.Build.0 = Release|Any CPU
		{D1CF62B7-8A40-4FC8-8BB6-C2EBE812757A}.Debug|Any CPU.ActiveCfg = Debug|Any CPU
		{D1CF62B7-8A40-4FC8-8BB6-C2EBE812757A}.Debug|Any CPU.Build.0 = Debug|Any CPU
		{D1CF62B7-8A40-4FC8-8BB6-C2EBE812757A}.Release|Any CPU.ActiveCfg = Release|Any CPU
		{D1CF62B7-8A40-4FC8-8BB6-C2EBE812757A}.Release|Any CPU.Build.0 = Release|Any CPU
		{49E34893-E1FB-4098-9913-276F1AD96F71}.Debug|Any CPU.ActiveCfg = Debug|Any CPU
		{49E34893-E1FB-4098-9913-276F1AD96F71}.Debug|Any CPU.Build.0 = Debug|Any CPU
		{49E34893-E1FB-4098-9913-276F1AD96F71}.Release|Any CPU.ActiveCfg = Release|Any CPU
		{49E34893-E1FB-4098-9913-276F1AD96F71}.Release|Any CPU.Build.0 = Release|Any CPU
		{D1160D10-5882-4524-85A8-9D6EA5B7A4B5}.Debug|Any CPU.ActiveCfg = Debug|Any CPU
		{D1160D10-5882-4524-85A8-9D6EA5B7A4B5}.Debug|Any CPU.Build.0 = Debug|Any CPU
		{D1160D10-5882-4524-85A8-9D6EA5B7A4B5}.Release|Any CPU.ActiveCfg = Release|Any CPU
		{D1160D10-5882-4524-85A8-9D6EA5B7A4B5}.Release|Any CPU.Build.0 = Release|Any CPU
		{CE4D4570-31FB-42A8-87CC-8DA5B02973F7}.Debug|Any CPU.ActiveCfg = Debug|Any CPU
		{CE4D4570-31FB-42A8-87CC-8DA5B02973F7}.Debug|Any CPU.Build.0 = Debug|Any CPU
		{CE4D4570-31FB-42A8-87CC-8DA5B02973F7}.Release|Any CPU.ActiveCfg = Release|Any CPU
		{CE4D4570-31FB-42A8-87CC-8DA5B02973F7}.Release|Any CPU.Build.0 = Release|Any CPU
	EndGlobalSection
	GlobalSection(SolutionProperties) = preSolution
		HideSolutionNode = FALSE
	EndGlobalSection
EndGlobal
